<?xml version="1.0" encoding="utf-8"?>
<Project ToolsVersion="4.0" xmlns="http://schemas.microsoft.com/developer/msbuild/2003">
  <ItemGroup>
    <Filter Include="sources">
      <UniqueIdentifier>{4FC737F1-C7A5-4376-A066-2A32D752A2FF}</UniqueIdentifier>
      <Extensions>cpp;c;cc;cxx;def;odl;idl;hpj;bat;asm;asmx</Extensions>
    </Filter>
    <Filter Include="sources\io">
      <UniqueIdentifier>{f045c724-1562-45c7-a719-096dbc8c3d57}</UniqueIdentifier>
    </Filter>
    <Filter Include="headers">
      <UniqueIdentifier>{93995380-89BD-4b04-88EB-625FBE52EBFB}</UniqueIdentifier>
      <Extensions>h;hh;hpp;hxx;hm;inl;inc;xsd</Extensions>
    </Filter>
    <Filter Include="headers\objects">
      <UniqueIdentifier>{c21a70b3-13ca-437f-9eea-cd06fb0ba51c}</UniqueIdentifier>
    </Filter>
    <Filter Include="headers\io">
      <UniqueIdentifier>{c6c45b92-4695-4268-bbb8-259d627990f6}</UniqueIdentifier>
    </Filter>
    <Filter Include="headers\memory">
      <UniqueIdentifier>{01167066-415b-4471-8d01-ec21e1f7518c}</UniqueIdentifier>
    </Filter>
    <Filter Include="sources\memory">
      <UniqueIdentifier>{e84b6580-8ec3-4d1b-bacd-47a171a4608f}</UniqueIdentifier>
    </Filter>
    <Filter Include="headers\menu">
      <UniqueIdentifier>{43746a02-d03e-43aa-8b4e-1d54743a8eb8}</UniqueIdentifier>
    </Filter>
    <Filter Include="headers\d3d">
      <UniqueIdentifier>{c11a52b6-e7c3-4b82-a4d3-0c882f174900}</UniqueIdentifier>
    </Filter>
    <Filter Include="sources\menu">
      <UniqueIdentifier>{22f878dd-92ce-4bb1-8d06-da68f863c04e}</UniqueIdentifier>
    </Filter>
    <Filter Include="sources\d3d">
      <UniqueIdentifier>{f6c59761-9a16-45be-a0c7-e570cc92a472}</UniqueIdentifier>
    </Filter>
  </ItemGroup>
  <ItemGroup>
    <None Include="README.md" />
    <None Include=".gitignore" />
    <None Include="LICENSE" />
  </ItemGroup>
  <ItemGroup>
    <ClInclude Include="source\stdafx.h">
      <Filter>headers</Filter>
    </ClInclude>
    <ClInclude Include="source\targetver.h">
      <Filter>headers</Filter>
    </ClInclude>
    <ClInclude Include="source\weapon.h">
      <Filter>headers\objects</Filter>
    </ClInclude>
    <ClInclude Include="source\modelnode.h">
      <Filter>headers\objects</Filter>
    </ClInclude>
    <ClInclude Include="source\log.h">
      <Filter>headers\io</Filter>
    </ClInclude>
    <ClInclude Include="source\engine.h">
      <Filter>headers\memory</Filter>
    </ClInclude>
    <ClInclude Include="source\memory.h">
      <Filter>headers\memory</Filter>
    </ClInclude>
    <ClInclude Include="source\menuitem.h">
      <Filter>headers\menu</Filter>
    </ClInclude>
    <ClInclude Include="source\menu.h">
      <Filter>headers\menu</Filter>
    </ClInclude>
    <ClInclude Include="source\d3d.h">
      <Filter>headers\d3d</Filter>
    </ClInclude>
  </ItemGroup>
  <ItemGroup>
    <ClCompile Include="source\dllmain.cpp">
      <Filter>sources</Filter>
    </ClCompile>
    <ClCompile Include="source\phoenix-cf.cpp">
      <Filter>sources</Filter>
    </ClCompile>
    <ClCompile Include="source\stdafx.cpp">
      <Filter>sources</Filter>
    </ClCompile>
    <ClCompile Include="source\log.cpp">
      <Filter>sources\io</Filter>
    </ClCompile>
    <ClCompile Include="source\memory.cpp">
      <Filter>sources\memory</Filter>
    </ClCompile>
    <ClCompile Include="source\engine.cpp">
      <Filter>sources\memory</Filter>
    </ClCompile>
    <ClCompile Include="source\menu.cpp">
      <Filter>sources\menu</Filter>
    </ClCompile>
    <ClCompile Include="source\d3d.cpp">
      <Filter>sources\d3d</Filter>
    </ClCompile>
  </ItemGroup>
</Project>